# THIS IS AN AUTOGENERATED FILE. DO NOT EDIT THIS FILE DIRECTLY.
# yarn lockfile v1


"@babel/runtime@^7.29.2":
  version "7.29.7"
  resolved "https://registry.yarnpkg.com/@babel/runtime/-/runtime-7.29.7.tgz#12022450c45a4da6d8d8287b18a4ff2ddb23f768"
  integrity sha512-Nq8OhGWiZIZGV6hLHoyAKLLcJihP/xFeBMGJoUrxTX2psI8dCifzLhZISFb+VWS3wFMRDmCGw5R+dOySCqPLhw==

"@mui/icons-material@^9.1.1":
  version "9.1.1"
  resolved "https://registry.yarnpkg.com/@mui/icons-material/-/icons-material-9.1.1.tgz#d88c728d36f1af536636b3b25bbad32cfb9480ae"
  integrity sha512-OXhm9DajemStb58AumM06DuPhHTa3XD36TFD4yf6WtJyNRO5DfEZbbnHlBg/US2Y2oOXwM/XurMTBOD6L/YYZw==
  dependencies:
    "@babel/runtime" "^7.29.2"
